
Microsoft Visual Studio Solution File, Format Version 12.00
# Visual Studio Version 17
VisualStudioVersion = 17.14.36518.9 d17.14
MinimumVisualStudioVersion = 10.0.40219.1
Project("{FAE04EC0-301F-11D3-BF4B-00C04F79EFBC}") = "c# class oop", "c# class oop\c# class oop.csproj", "{B92BED8A-7419-4112-AF6D-E68437305F3C}"
EndProject
Global
	GlobalSection(SolutionConfigurationPlatforms) = preSolution
		Debug|Any CPU = Debug|Any CPU
		Release|Any CPU = Release|Any CPU
	EndGlobalSection
	GlobalSection(ProjectConfigurationPlatforms) = postSolution
		{B92BED8A-7419-4112-AF6D-E68437305F3C}.Debug|Any CPU.ActiveCfg = Debug|Any CPU
		{B92BED8A-7419-4112-AF6D-E68437305F3C}.Debug|Any CPU.Build.0 = Debug|Any CPU
		{B92BED8A-7419-4112-AF6D-E68437305F3C}.Release|Any CPU.ActiveCfg = Release|Any CPU
		{B92BED8A-7419-4112-AF6D-E68437305F3C}.Release|Any CPU.Build.0 = Release|Any CPU
	EndGlobalSection
	GlobalSection(SolutionProperties) = preSolution
		HideSolutionNode = FALSE
	EndGlobalSection
	GlobalSection(ExtensibilityGlobals) = postSolution
		SolutionGuid = {788EB206-9ABA-4526-89EE-6A22501B4014}
	EndGlobalSection
EndGlobal
